// !$*UTF8*$!
{
	archiveVersion = 1;
	classes = {
	};
	objectVersion = 55;
	objects = {

/* Begin PBXBuildFile section */
		8478C20A27C9BF2800AA889B /* AppDelegate.swift in Sources */ = {isa = PBXBuildFile; fileRef = 8478C20927C9BF2800AA889B /* AppDelegate.swift */; };
		8478C20C27C9BF2800AA889B /* SceneDelegate.swift in Sources */ = {isa = PBXBuildFile; fileRef = 8478C20B27C9BF2800AA889B /* SceneDelegate.swift */; };
		8478C20E27C9BF2800AA889B /* ViewController.swift in Sources */ = {isa = PBXBuildFile; fileRef = 8478C20D27C9BF2800AA889B /* ViewController.swift */; };
		8478C21127C9BF2800AA889B /* Main.storyboard in Resources */ = {isa = PBXBuildFile; fileRef = 8478C20F27C9BF2800AA889B /* Main.storyboard */; };
		8478C21327C9BF2A00AA889B /* Assets.xcassets in Resources */ = {isa = PBXBuildFile; fileRef = 8478C21227C9BF2A00AA889B /* Assets.xcassets */; };
		8478C21627C9BF2A00AA889B /* LaunchScreen.storyboard in Resources */ = {isa = PBXBuildFile; fileRef = 8478C21427C9BF2A00AA889B /* LaunchScreen.storyboard */; };
		8478C22127C9BF2B00AA889B /* Eulerity_API_ImagesTests.swift in Sources */ = {isa = PBXBuildFile; fileRef = 8478C22027C9BF2B00AA889B /* Eulerity_API_ImagesTests.swift */; };
		8478C22B27C9BF2B00AA889B /* Eulerity_API_ImagesUITests.swift in Sources */ = {isa = PBXBuildFile; fileRef = 8478C22A27C9BF2B00AA889B /* Eulerity_API_ImagesUITests.swift */; };
		8478C22D27C9BF2B00AA889B /* Eulerity_API_ImagesUITestsLaunchTests.swift in Sources */ = {isa = PBXBuildFile; fileRef = 8478C22C27C9BF2B00AA889B /* Eulerity_API_ImagesUITestsLaunchTests.swift */; };
/* End PBXBuildFile section */

/* Begin PBXContainerItemProxy section */
		8478C21D27C9BF2A00AA889B /* PBXContainerItemProxy */ = {
			isa = PBXContainerItemProxy;
			containerPortal = 8478C1FE27C9BF2800AA889B /* Project object */;
			proxyType = 1;
			remoteGlobalIDString = 8478C20527C9BF2800AA889B;
			remoteInfo = "Eulerity API Images";
		};
		8478C22727C9BF2B00AA889B /* PBXContainerItemProxy */ = {
			isa = PBXContainerItemProxy;
			containerPortal = 8478C1FE27C9BF2800AA889B /* Project object */;
			proxyType = 1;
			remoteGlobalIDString = 8478C20527C9BF2800AA889B;
			remoteInfo = "Eulerity API Images";
		};
/* End PBXContainerItemProxy section */

/* Begin PBXFileReference section */
		8478C20627C9BF2800AA889B /* Eulerity API Images.app */ = {isa = PBXFileReference; explicitFileType = wrapper.application; includeInIndex = 0; path = "Eulerity API Images.app"; sourceTree = BUILT_PRODUCTS_DIR; };
		8478C20927C9BF2800AA889B /* AppDelegate.swift */ = {isa = PBXFileReference; lastKnownFileType = sourcecode.swift; path = AppDelegate.swift; sourceTree = "<group>"; };
		8478C20B27C9BF2800AA889B /* SceneDelegate.swift */ = {isa = PBXFileReference; lastKnownFileType = sourcecode.swift; path = SceneDelegate.swift; sourceTree = "<group>"; };
		8478C20D27C9BF2800AA889B /* ViewController.swift */ = {isa = PBXFileReference; lastKnownFileType = sourcecode.swift; path = ViewController.swift; sourceTree = "<group>"; };
		8478C21027C9BF2800AA889B /* Base */ = {isa = PBXFileReference; lastKnownFileType = file.storyboard; name = Base; path = Base.lproj/Main.storyboard; sourceTree = "<group>"; };
		8478C21227C9BF2A00AA889B /* Assets.xcassets */ = {isa = PBXFileReference; lastKnownFileType = folder.assetcatalog; path = Assets.xcassets; sourceTree = "<group>"; };
		8478C21527C9BF2A00AA889B /* Base */ = {isa = PBXFileReference; lastKnownFileType = file.storyboard; name = Base; path = Base.lproj/LaunchScreen.storyboard; sourceTree = "<group>"; };
		8478C21727C9BF2A00AA889B /* Info.plist */ = {isa = PBXFileReference; lastKnownFileType = text.plist.xml; path = Info.plist; sourceTree = "<group>"; };
		8478C21C27C9BF2A00AA889B /* Eulerity API ImagesTests.xctest */ = {isa = PBXFileReference; explicitFileType = wrapper.cfbundle; includeInIndex = 0; path = "Eulerity API ImagesTests.xctest"; sourceTree = BUILT_PRODUCTS_DIR; };
		8478C22027C9BF2B00AA889B /* Eulerity_API_ImagesTests.swift */ = {isa = PBXFileReference; lastKnownFileType = sourcecode.swift; path = Eulerity_API_ImagesTests.swift; sourceTree = "<group>"; };
		8478C22627C9BF2B00AA889B /* Eulerity API ImagesUITests.xctest */ = {isa = PBXFileReference; explicitFileType = wrapper.cfbundle; includeInIndex = 0; path = "Eulerity API ImagesUITests.xctest"; sourceTree = BUILT_PRODUCTS_DIR; };
		8478C22A27C9BF2B00AA889B /* Eulerity_API_ImagesUITests.swift */ = {isa = PBXFileReference; lastKnownFileType = sourcecode.swift; path = Eulerity_API_ImagesUITests.swift; sourceTree = "<group>"; };
		8478C22C27C9BF2B00AA889B /* Eulerity_API_ImagesUITestsLaunchTests.swift */ = {isa = PBXFileReference; lastKnownFileType = sourcecode.swift; path = Eulerity_API_ImagesUITestsLaunchTests.swift; sourceTree = "<group>"; };
/* End PBXFileReference section */

/* Begin PBXFrameworksBuildPhase section */
		8478C20327C9BF2800AA889B /* Frameworks */ = {
			isa = PBXFrameworksBuildPhase;
			buildActionMask = 2147483647;
			files = (
			);
			runOnlyForDeploymentPostprocessing = 0;
		};
		8478C21927C9BF2A00AA889B /* Frameworks */ = {
			isa = PBXFrameworksBuildPhase;
			buildActionMask = 2147483647;
			files = (
			);
			runOnlyForDeploymentPostprocessing = 0;
		};
		8478C22327C9BF2B00AA889B /* Frameworks */ = {
			isa = PBXFrameworksBuildPhase;
			buildActionMask = 2147483647;
			files = (
			);
			runOnlyForDeploymentPostprocessing = 0;
		};
/* End PBXFrameworksBuildPhase section */

/* Begin PBXGroup section */
		8478C1FD27C9BF2800AA889B = {
			isa = PBXGroup;
			children = (
				8478C20827C9BF2800AA889B /* Eulerity API Images */,
				8478C21F27C9BF2B00AA889B /* Eulerity API ImagesTests */,
				8478C22927C9BF2B00AA889B /* Eulerity API ImagesUITests */,
				8478C20727C9BF2800AA889B /* Products */,
			);
			sourceTree = "<group>";
		};
		8478C20727C9BF2800AA889B /* Products */ = {
			isa = PBXGroup;
			children = (
				8478C20627C9BF2800AA889B /* Eulerity API Images.app */,
				8478C21C27C9BF2A00AA889B /* Eulerity API ImagesTests.xctest */,
				8478C22627C9BF2B00AA889B /* Eulerity API ImagesUITests.xctest */,
			);
			name = Products;
			sourceTree = "<group>";
		};
		8478C20827C9BF2800AA889B /* Eulerity API Images */ = {
			isa = PBXGroup;
			children = (
				8478C20927C9BF2800AA889B /* AppDelegate.swift */,
				8478C20B27C9BF2800AA889B /* SceneDelegate.swift */,
				8478C20D27C9BF2800AA889B /* ViewController.swift */,
				8478C20F27C9BF2800AA889B /* Main.storyboard */,
				8478C21227C9BF2A00AA889B /* Assets.xcassets */,
				8478C21427C9BF2A00AA889B /* LaunchScreen.storyboard */,
				8478C21727C9BF2A00AA889B /* Info.plist */,
			);
			path = "Eulerity API Images";
			sourceTree = "<group>";
		};
		8478C21F27C9BF2B00AA889B /* Eulerity API ImagesTests */ = {
			isa = PBXGroup;
			children = (
				8478C22027C9BF2B00AA889B /* Eulerity_API_ImagesTests.swift */,
			);
			path = "Eulerity API ImagesTests";
			sourceTree = "<group>";
		};
		8478C22927C9BF2B00AA889B /* Eulerity API ImagesUITests */ = {
			isa = PBXGroup;
			children = (
				8478C22A27C9BF2B00AA889B /* Eulerity_API_ImagesUITests.swift */,
				8478C22C27C9BF2B00AA889B /* Eulerity_API_ImagesUITestsLaunchTests.swift */,
			);
			path = "Eulerity API ImagesUITests";
			sourceTree = "<group>";
		};
/* End PBXGroup section */

/* Begin PBXNativeTarget section */
		8478C20527C9BF2800AA889B /* Eulerity API Images */ = {
			isa = PBXNativeTarget;
			buildConfigurationList = 8478C23027C9BF2B00AA889B /* Build configuration list for PBXNativeTarget "Eulerity API Images" */;
			buildPhases = (
				8478C20227C9BF2800AA889B /* Sources */,
				8478C20327C9BF2800AA889B /* Frameworks */,
				8478C20427C9BF2800AA889B /* Resources */,
			);
			buildRules = (
			);
			dependencies = (
			);
			name = "Eulerity API Images";
			productName = "Eulerity API Images";
			productReference = 8478C20627C9BF2800AA889B /* Eulerity API Images.app */;
			productType = "com.apple.product-type.application";
		};
		8478C21B27C9BF2A00AA889B /* Eulerity API ImagesTests */ = {
			isa = PBXNativeTarget;
			buildConfigurationList = 8478C23327C9BF2B00AA889B /* Build configuration list for PBXNativeTarget "Eulerity API ImagesTests" */;
			buildPhases = (
				8478C21827C9BF2A00AA889B /* Sources */,
				8478C21927C9BF2A00AA889B /* Frameworks */,
				8478C21A27C9BF2A00AA889B /* Resources */,
			);
			buildRules = (
			);
			dependencies = (
				8478C21E27C9BF2A00AA889B /* PBXTargetDependency */,
			);
			name = "Eulerity API ImagesTests";
			productName = "Eulerity API ImagesTests";
			productReference = 8478C21C27C9BF2A00AA889B /* Eulerity API ImagesTests.xctest */;
			productType = "com.apple.product-type.bundle.unit-test";
		};
		8478C22527C9BF2B00AA889B /* Eulerity API ImagesUITests */ = {
			isa = PBXNativeTarget;
			buildConfigurationList = 8478C23627C9BF2B00AA889B /* Build configuration list for PBXNativeTarget "Eulerity API ImagesUITests" */;
			buildPhases = (
				8478C22227C9BF2B00AA889B /* Sources */,
				8478C22327C9BF2B00AA889B /* Frameworks */,
				8478C22427C9BF2B00AA889B /* Resources */,
			);
			buildRules = (
			);
			dependencies = (
				8478C22827C9BF2B00AA889B /* PBXTargetDependency */,
			);
			name = "Eulerity API ImagesUITests";
			productName = "Eulerity API ImagesUITests";
			productReference = 8478C22627C9BF2B00AA889B /* Eulerity API ImagesUITests.xctest */;
			productType = "com.apple.product-type.bundle.ui-testing";
		};
/* End PBXNativeTarget section */

/* Begin PBXProject section */
		8478C1FE27C9BF2800AA889B /* Project object */ = {
			isa = PBXProject;
			attributes = {
				BuildIndependentTargetsInParallel = 1;
				LastSwiftUpdateCheck = 1320;
				LastUpgradeCheck = 1320;
				TargetAttributes = {
					8478C20527C9BF2800AA889B = {
						CreatedOnToolsVersion = 13.2.1;
					};
					8478C21B27C9BF2A00AA889B = {
						CreatedOnToolsVersion = 13.2.1;
						TestTargetID = 8478C20527C9BF2800AA889B;
					};
					8478C22527C9BF2B00AA889B = {
						CreatedOnToolsVersion = 13.2.1;
						TestTargetID = 8478C20527C9BF2800AA889B;
					};
				};
			};
			buildConfigurationList = 8478C20127C9BF2800AA889B /* Build configuration list for PBXProject "Eulerity API Images" */;
			compatibilityVersion = "Xcode 13.0";
			developmentRegion = en;
			hasScannedForEncodings = 0;
			knownRegions = (
				en,
				Base,
			);
			mainGroup = 8478C1FD27C9BF2800AA889B;
			productRefGroup = 8478C20727C9BF2800AA889B /* Products */;
			projectDirPath = "";
			projectRoot = "";
			targets = (
				8478C20527C9BF2800AA889B /* Eulerity API Images */,
				8478C21B27C9BF2A00AA889B /* Eulerity API ImagesTests */,
				8478C22527C9BF2B00AA889B /* Eulerity API ImagesUITests */,
			);
		};
/* End PBXProject section */

/* Begin PBXResourcesBuildPhase section */
		8478C20427C9BF2800AA889B /* Resources */ = {
			isa = PBXResourcesBuildPhase;
			buildActionMask = 2147483647;
			files = (
				8478C21627C9BF2A00AA889B /* LaunchScreen.storyboard in Resources */,
				8478C21327C9BF2A00AA889B /* Assets.xcassets in Resources */,
				8478C21127C9BF2800AA889B /* Main.storyboard in Resources */,
			);
			runOnlyForDeploymentPostprocessing = 0;
		};
		8478C21A27C9BF2A00AA889B /* Resources */ = {
			isa = PBXResourcesBuildPhase;
			buildActionMask = 2147483647;
			files = (
			);
			runOnlyForDeploymentPostprocessing = 0;
		};
		8478C22427C9BF2B00AA889B /* Resources */ = {
			isa = PBXResourcesBuildPhase;
			buildActionMask = 2147483647;
			files = (
			);
			runOnlyForDeploymentPostprocessing = 0;
		};
/* End PBXResourcesBuildPhase section */

/* Begin PBXSourcesBuildPhase section */
		8478C20227C9BF2800AA889B /* Sources */ = {
			isa = PBXSourcesBuildPhase;
			buildActionMask = 2147483647;
			files = (
				8478C20E27C9BF2800AA889B /* ViewController.swift in Sources */,
				8478C20A27C9BF2800AA889B /* AppDelegate.swift in Sources */,
				8478C20C27C9BF2800AA889B /* SceneDelegate.swift in Sources */,
			);
			runOnlyForDeploymentPostprocessing = 0;
		};
		8478C21827C9BF2A00AA889B /* Sources */ = {
			isa = PBXSourcesBuildPhase;
			buildActionMask = 2147483647;
			files = (
				8478C22127C9BF2B00AA889B /* Eulerity_API_ImagesTests.swift in Sources */,
			);
			runOnlyForDeploymentPostprocessing = 0;
		};
		8478C22227C9BF2B00AA889B /* Sources */ = {
			isa = PBXSourcesBuildPhase;
			buildActionMask = 2147483647;
			files = (
				8478C22D27C9BF2B00AA889B /* Eulerity_API_ImagesUITestsLaunchTests.swift in Sources */,
				8478C22B27C9BF2B00AA889B /* Eulerity_API_ImagesUITests.swift in Sources */,
			);
			runOnlyForDeploymentPostprocessing = 0;
		};
/* End PBXSourcesBuildPhase section */

/* Begin PBXTargetDependency section */
		8478C21E27C9BF2A00AA889B /* PBXTargetDependency */ = {
			isa = PBXTargetDependency;
			target = 8478C20527C9BF2800AA889B /* Eulerity API Images */;
			targetProxy = 8478C21D27C9BF2A00AA889B /* PBXContainerItemProxy */;
		};
		8478C22827C9BF2B00AA889B /* PBXTargetDependency */ = {
			isa = PBXTargetDependency;
			target = 8478C20527C9BF2800AA889B /* Eulerity API Images */;
			targetProxy = 8478C22727C9BF2B00AA889B /* PBXContainerItemProxy */;
		};
/* End PBXTargetDependency section */

/* Begin PBXVariantGroup section */
		8478C20F27C9BF2800AA889B /* Main.storyboard */ = {
			isa = PBXVariantGroup;
			children = (
				8478C21027C9BF2800AA889B /* Base */,
			);
			name = Main.storyboard;
			sourceTree = "<group>";
		};
		8478C21427C9BF2A00AA889B /* LaunchScreen.storyboard */ = {
			isa = PBXVariantGroup;
			children = (
				8478C21527C9BF2A00AA889B /* Base */,
			);
			name = LaunchScreen.storyboard;
			sourceTree = "<group>";
		};
/* End PBXVariantGroup section */

/* Begin XCBuildConfiguration section */
		8478C22E27C9BF2B00AA889B /* Debug */ = {
			isa = XCBuildConfiguration;
			buildSettings = {
				ALWAYS_SEARCH_USER_PATHS = NO;
				CLANG_ANALYZER_NONNULL = YES;
				CLANG_ANALYZER_NUMBER_OBJECT_CONVERSION = YES_AGGRESSIVE;
				CLANG_CXX_LANGUAGE_STANDARD = "gnu++17";
				CLANG_CXX_LIBRARY = "libc++";
				CLANG_ENABLE_MODULES = YES;
				CLANG_ENABLE_OBJC_ARC = YES;
				CLANG_ENABLE_OBJC_WEAK = YES;
				CLANG_WARN_BLOCK_CAPTURE_AUTORELEASING = YES;
				CLANG_WARN_BOOL_CONVERSION = YES;
				CLANG_WARN_COMMA = YES;
				CLANG_WARN_CONSTANT_CONVERSION = YES;
				CLANG_WARN_DEPRECATED_OBJC_IMPLEMENTATIONS = YES;
				CLANG_WARN_DIRECT_OBJC_ISA_USAGE = YES_ERROR;
				CLANG_WARN_DOCUMENTATION_COMMENTS = YES;
				CLANG_WARN_EMPTY_BODY = YES;
				CLANG_WARN_ENUM_CONVERSION = YES;
				CLANG_WARN_INFINITE_RECURSION = YES;
				CLANG_WARN_INT_CONVERSION = YES;
				CLANG_WARN_NON_LITERAL_NULL_CONVERSION = YES;
				CLANG_WARN_OBJC_IMPLICIT_RETAIN_SELF = YES;
				CLANG_WARN_OBJC_LITERAL_CONVERSION = YES;
				CLANG_WARN_OBJC_ROOT_CLASS = YES_ERROR;
				CLANG_WARN_QUOTED_INCLUDE_IN_FRAMEWORK_HEADER = YES;
				CLANG_WARN_RANGE_LOOP_ANALYSIS = YES;
				CLANG_WARN_STRICT_PROTOTYPES = YES;
				CLANG_WARN_SUSPICIOUS_MOVE = YES;
				CLANG_WARN_UNGUARDED_AVAILABILITY = YES_AGGRESSIVE;
				CLANG_WARN_UNREACHABLE_CODE = YES;
				CLANG_WARN__DUPLICATE_METHOD_MATCH = YES;
				COPY_PHASE_STRIP = NO;
				DEBUG_INFORMATION_FORMAT = dwarf;
				ENABLE_STRICT_OBJC_MSGSEND = YES;
				ENABLE_TESTABILITY = YES;
				GCC_C_LANGUAGE_STANDARD = gnu11;
				GCC_DYNAMIC_NO_PIC = NO;
				GCC_NO_COMMON_BLOCKS = YES;
				GCC_OPTIMIZATION_LEVEL = 0;
				GCC_PREPROCESSOR_DEFINITIONS = (
					"DEBUG=1",
					"$(inherited)",
				);
				GCC_WARN_64_TO_32_BIT_CONVERSION = YES;
				GCC_WARN_ABOUT_RETURN_TYPE = YES_ERROR;
				GCC_WARN_UNDECLARED_SELECTOR = YES;
				GCC_WARN_UNINITIALIZED_AUTOS = YES_AGGRESSIVE;
				GCC_WARN_UNUSED_FUNCTION = YES;
				GCC_WARN_UNUSED_VARIABLE = YES;
				IPHONEOS_DEPLOYMENT_TARGET = 15.2;
				MTL_ENABLE_DEBUG_INFO = INCLUDE_SOURCE;
				MTL_FAST_MATH = YES;
				ONLY_ACTIVE_ARCH = YES;
				SDKROOT = iphoneos;
				SWIFT_ACTIVE_COMPILATION_CONDITIONS = DEBUG;
				SWIFT_OPTIMIZATION_LEVEL = "-Onone";
			};
			name = Debug;
		};
		8478C22F27C9BF2B00AA889B /* Release */ = {
			isa = XCBuildConfiguration;
			buildSettings = {
				ALWAYS_SEARCH_USER_PATHS = NO;
				CLANG_ANALYZER_NONNULL = YES;
				CLANG_ANALYZER_NUMBER_OBJECT_CONVERSION = YES_AGGRESSIVE;
				CLANG_CXX_LANGUAGE_STANDARD = "gnu++17";
				CLANG_CXX_LIBRARY = "libc++";
				CLANG_ENABLE_MODULES = YES;
				CLANG_ENABLE_OBJC_ARC = YES;
				CLANG_ENABLE_OBJC_WEAK = YES;
				CLANG_WARN_BLOCK_CAPTURE_AUTORELEASING = YES;
				CLANG_WARN_BOOL_CONVERSION = YES;
				CLANG_WARN_COMMA = YES;
				CLANG_WARN_CONSTANT_CONVERSION = YES;
				CLANG_WARN_DEPRECATED_OBJC_IMPLEMENTATIONS = YES;
				CLANG_WARN_DIRECT_OBJC_ISA_USAGE = YES_ERROR;
				CLANG_WARN_DOCUMENTATION_COMMENTS = YES;
				CLANG_WARN_EMPTY_BODY = YES;
				CLANG_WARN_ENUM_CONVERSION = YES;
				CLANG_WARN_INFINITE_RECURSION = YES;
				CLANG_WARN_INT_CONVERSION = YES;
				CLANG_WARN_NON_LITERAL_NULL_CONVERSION = YES;
				CLANG_WARN_OBJC_IMPLICIT_RETAIN_SELF = YES;
				CLANG_WARN_OBJC_LITERAL_CONVERSION = YES;
				CLANG_WARN_OBJC_ROOT_CLASS = YES_ERROR;
				CLANG_WARN_QUOTED_INCLUDE_IN_FRAMEWORK_HEADER = YES;
				CLANG_WARN_RANGE_LOOP_ANALYSIS = YES;
				CLANG_WARN_STRICT_PROTOTYPES = YES;
				CLANG_WARN_SUSPICIOUS_MOVE = YES;
				CLANG_WARN_UNGUARDED_AVAILABILITY = YES_AGGRESSIVE;
				CLANG_WARN_UNREACHABLE_CODE = YES;
				CLANG_WARN__DUPLICATE_METHOD_MATCH = YES;
				COPY_PHASE_STRIP = NO;
				DEBUG_INFORMATION_FORMAT = "dwarf-with-dsym";
				ENABLE_NS_ASSERTIONS = NO;
				ENABLE_STRICT_OBJC_MSGSEND = YES;
				GCC_C_LANGUAGE_STANDARD = gnu11;
				GCC_NO_COMMON_BLOCKS = YES;
				GCC_WARN_64_TO_32_BIT_CONVERSION = YES;
				GCC_WARN_ABOUT_RETURN_TYPE = YES_ERROR;
				GCC_WARN_UNDECLARED_SELECTOR = YES;
				GCC_WARN_UNINITIALIZED_AUTOS = YES_AGGRESSIVE;
				GCC_WARN_UNUSED_FUNCTION = YES;
				GCC_WARN_UNUSED_VARIABLE = YES;
				IPHONEOS_DEPLOYMENT_TARGET = 15.2;
				MTL_ENABLE_DEBUG_INFO = NO;
				MTL_FAST_MATH = YES;
				SDKROOT = iphoneos;
				SWIFT_COMPILATION_MODE = wholemodule;
				SWIFT_OPTIMIZATION_LEVEL = "-O";
				VALIDATE_PRODUCT = YES;
			};
			name = Release;
		};
		8478C23127C9BF2B00AA889B /* Debug */ = {
			isa = XCBuildConfiguration;
			buildSettings = {
				ASSETCATALOG_COMPILER_APPICON_NAME = AppIcon;
				ASSETCATALOG_COMPILER_GLOBAL_ACCENT_COLOR_NAME = AccentColor;
				CODE_SIGN_STYLE = Automatic;
				CURRENT_PROJECT_VERSION = 1;
				DEVELOPMENT_TEAM = 3R6WJMQ2U5;
				GENERATE_INFOPLIST_FILE = YES;
				INFOPLIST_FILE = "Eulerity API Images/Info.plist";
				INFOPLIST_KEY_UIApplicationSupportsIndirectInputEvents = YES;
				INFOPLIST_KEY_UILaunchStoryboardName = LaunchScreen;
				INFOPLIST_KEY_UIMainStoryboardFile = Main;
				INFOPLIST_KEY_UISupportedInterfaceOrientations_iPad = "UIInterfaceOrientationPortrait UIInterfaceOrientationPortraitUpsideDown UIInterfaceOrientationLandscapeLeft UIInterfaceOrientationLandscapeRight";
				INFOPLIST_KEY_UISupportedInterfaceOrientations_iPhone = "UIInterfaceOrientationPortrait UIInterfaceOrientationLandscapeLeft UIInterfaceOrientationLandscapeRight";
				LD_RUNPATH_SEARCH_PATHS = (
					"$(inherited)",
					"@executable_path/Frameworks",
				);
				MARKETING_VERSION = 1.0;
				PRODUCT_BUNDLE_IDENTIFIER = "austinaj2.Eulerity-API-Images";
				PRODUCT_NAME = "$(TARGET_NAME)";
				SWIFT_EMIT_LOC_STRINGS = YES;
				SWIFT_VERSION = 5.0;
				TARGETED_DEVICE_FAMILY = "1,2";
			};
			name = Debug;
		};
		8478C23227C9BF2B00AA889B /* Release */ = {
			isa = XCBuildConfiguration;
			buildSettings = {
				ASSETCATALOG_COMPILER_APPICON_NAME = AppIcon;
				ASSETCATALOG_COMPILER_GLOBAL_ACCENT_COLOR_NAME = AccentColor;
				CODE_SIGN_STYLE = Automatic;
				CURRENT_PROJECT_VERSION = 1;
				DEVELOPMENT_TEAM = 3R6WJMQ2U5;
				GENERATE_INFOPLIST_FILE = YES;
				INFOPLIST_FILE = "Eulerity API Images/Info.plist";
				INFOPLIST_KEY_UIApplicationSupportsIndirectInputEvents = YES;
				INFOPLIST_KEY_UILaunchStoryboardName = LaunchScreen;
				INFOPLIST_KEY_UIMainStoryboardFile = Main;
				INFOPLIST_KEY_UISupportedInterfaceOrientations_iPad = "UIInterfaceOrientationPortrait UIInterfaceOrientationPortraitUpsideDown UIInterfaceOrientationLandscapeLeft UIInterfaceOrientationLandscapeRight";
				INFOPLIST_KEY_UISupportedInterfaceOrientations_iPhone = "UIInterfaceOrientationPortrait UIInterfaceOrientationLandscapeLeft UIInterfaceOrientationLandscapeRight";
				LD_RUNPATH_SEARCH_PATHS = (
					"$(inherited)",
					"@executable_path/Frameworks",
				);
				MARKETING_VERSION = 1.0;
				PRODUCT_BUNDLE_IDENTIFIER = "austinaj2.Eulerity-API-Images";
				PRODUCT_NAME = "$(TARGET_NAME)";
				SWIFT_EMIT_LOC_STRINGS = YES;
				SWIFT_VERSION = 5.0;
				TARGETED_DEVICE_FAMILY = "1,2";
			};
			name = Release;
		};
		8478C23427C9BF2B00AA889B /* Debug */ = {
			isa = XCBuildConfiguration;
			buildSettings = {
				ALWAYS_EMBED_SWIFT_STANDARD_LIBRARIES = YES;
				BUNDLE_LOADER = "$(TEST_HOST)";
				CODE_SIGN_STYLE = Automatic;
				CURRENT_PROJECT_VERSION = 1;
				DEVELOPMENT_TEAM = 3R6WJMQ2U5;
				GENERATE_INFOPLIST_FILE = YES;
				IPHONEOS_DEPLOYMENT_TARGET = 15.2;
				MARKETING_VERSION = 1.0;
				PRODUCT_BUNDLE_IDENTIFIER = "austinaj2.Eulerity-API-ImagesTests";
				PRODUCT_NAME = "$(TARGET_NAME)";
				SWIFT_EMIT_LOC_STRINGS = NO;
				SWIFT_VERSION = 5.0;
				TARGETED_DEVICE_FAMILY = "1,2";
				TEST_HOST = "$(BUILT_PRODUCTS_DIR)/Eulerity API Images.app/Eulerity API Images";
			};
			name = Debug;
		};
		8478C23527C9BF2B00AA889B /* Release */ = {
			isa = XCBuildConfiguration;
			buildSettings = {
				ALWAYS_EMBED_SWIFT_STANDARD_LIBRARIES = YES;
				BUNDLE_LOADER = "$(TEST_HOST)";
				CODE_SIGN_STYLE = Automatic;
				CURRENT_PROJECT_VERSION = 1;
				DEVELOPMENT_TEAM = 3R6WJMQ2U5;
				GENERATE_INFOPLIST_FILE = YES;
				IPHONEOS_DEPLOYMENT_TARGET = 15.2;
				MARKETING_VERSION = 1.0;
				PRODUCT_BUNDLE_IDENTIFIER = "austinaj2.Eulerity-API-ImagesTests";
				PRODUCT_NAME = "$(TARGET_NAME)";
				SWIFT_EMIT_LOC_STRINGS = NO;
				SWIFT_VERSION = 5.0;
				TARGETED_DEVICE_FAMILY = "1,2";
				TEST_HOST = "$(BUILT_PRODUCTS_DIR)/Eulerity API Images.app/Eulerity API Images";
			};
			name = Release;
		};
		8478C23727C9BF2B00AA889B /* Debug */ = {
			isa = XCBuildConfiguration;
			buildSettings = {
				ALWAYS_EMBED_SWIFT_STANDARD_LIBRARIES = YES;
				CODE_SIGN_STYLE = Automatic;
				CURRENT_PROJECT_VERSION = 1;
				DEVELOPMENT_TEAM = 3R6WJMQ2U5;
				GENERATE_INFOPLIST_FILE = YES;
				MARKETING_VERSION = 1.0;
				PRODUCT_BUNDLE_IDENTIFIER = "austinaj2.Eulerity-API-ImagesUITests";
				PRODUCT_NAME = "$(TARGET_NAME)";
				SWIFT_EMIT_LOC_STRINGS = NO;
				SWIFT_VERSION = 5.0;
				TARGETED_DEVICE_FAMILY = "1,2";
				TEST_TARGET_NAME = "Eulerity API Images";
			};
			name = Debug;
		};
		8478C23827C9BF2B00AA889B /* Release */ = {
			isa = XCBuildConfiguration;
			buildSettings = {
				ALWAYS_EMBED_SWIFT_STANDARD_LIBRARIES = YES;
				CODE_SIGN_STYLE = Automatic;
				CURRENT_PROJECT_VERSION = 1;
				DEVELOPMENT_TEAM = 3R6WJMQ2U5;
				GENERATE_INFOPLIST_FILE = YES;
				MARKETING_VERSION = 1.0;
				PRODUCT_BUNDLE_IDENTIFIER = "austinaj2.Eulerity-API-ImagesUITests";
				PRODUCT_NAME = "$(TARGET_NAME)";
				SWIFT_EMIT_LOC_STRINGS = NO;
				SWIFT_VERSION = 5.0;
				TARGETED_DEVICE_FAMILY = "1,2";
				TEST_TARGET_NAME = "Eulerity API Images";
			};
			name = Release;
		};
/* End XCBuildConfiguration section */

/* Begin XCConfigurationList section */
		8478C20127C9BF2800AA889B /* Build configuration list for PBXProject "Eulerity API Images" */ = {
			isa = XCConfigurationList;
			buildConfigurations = (
				8478C22E27C9BF2B00AA889B /* Debug */,
				8478C22F27C9BF2B00AA889B /* Release */,
			);
			defaultConfigurationIsVisible = 0;
			defaultConfigurationName = Release;
		};
		8478C23027C9BF2B00AA889B /* Build configuration list for PBXNativeTarget "Eulerity API Images" */ = {
			isa = XCConfigurationList;
			buildConfigurations = (
				8478C23127C9BF2B00AA889B /* Debug */,
				8478C23227C9BF2B00AA889B /* Release */,
			);
			defaultConfigurationIsVisible = 0;
			defaultConfigurationName = Release;
		};
		8478C23327C9BF2B00AA889B /* Build configuration list for PBXNativeTarget "Eulerity API ImagesTests" */ = {
			isa = XCConfigurationList;
			buildConfigurations = (
				8478C23427C9BF2B00AA889B /* Debug */,
				8478C23527C9BF2B00AA889B /* Release */,
			);
			defaultConfigurationIsVisible = 0;
			defaultConfigurationName = Release;
		};
		8478C23627C9BF2B00AA889B /* Build configuration list for PBXNativeTarget "Eulerity API ImagesUITests" */ = {
			isa = XCConfigurationList;
			buildConfigurations = (
				8478C23727C9BF2B00AA889B /* Debug */,
				8478C23827C9BF2B00AA889B /* Release */,
			);
			defaultConfigurationIsVisible = 0;
			defaultConfigurationName = Release;
		};
/* End XCConfigurationList section */
	};
	rootObject = 8478C1FE27C9BF2800AA889B /* Project object */;
}
